
Microsoft Visual Studio Solution File, Format Version 12.00
# Visual Studio Version 17
VisualStudioVersion = 17.4.33205.214
MinimumVisualStudioVersion = 10.0.40219.1
Project("{FAE04EC0-301F-11D3-BF4B-00C04F79EFBC}") = "AzureServiceBusAPI", "AzureServiceBusAPI\AzureServiceBusAPI.csproj", "{23731CDD-4DF8-49EF-99B3-E0BB9FD611D5}"
EndProject
Global
	GlobalSection(SolutionConfigurationPlatforms) = preSolution
		Debug|Any CPU = Debug|Any CPU
		Release|Any CPU = Release|Any CPU
	EndGlobalSection
	GlobalSection(ProjectConfigurationPlatforms) = postSolution
		{23731CDD-4DF8-49EF-99B3-E0BB9FD611D5}.Debug|Any CPU.ActiveCfg = Debug|Any CPU
		{23731CDD-4DF8-49EF-99B3-E0BB9FD611D5}.Debug|Any CPU.Build.0 = Debug|Any CPU
		{23731CDD-4DF8-49EF-99B3-E0BB9FD611D5}.Release|Any CPU.ActiveCfg = Release|Any CPU
		{23731CDD-4DF8-49EF-99B3-E0BB9FD611D5}.Release|Any CPU.Build.0 = Release|Any CPU
	EndGlobalSection
	GlobalSection(SolutionProperties) = preSolution
		HideSolutionNode = FALSE
	EndGlobalSection
	GlobalSection(ExtensibilityGlobals) = postSolution
		SolutionGuid = {D7CB117E-AFFB-44F2-9E91-B3AB93617888}
	EndGlobalSection
EndGlobal
